
Microsoft Visual Studio Solution File, Format Version 12.00
# Visual Studio 15
VisualStudioVersion = 15.0.27703.2042
MinimumVisualStudioVersion = 10.0.40219.1
Project("{8BC9CEB8-8B4A-11D0-8D11-00A0C91BC942}") = "Shaders", "Shaders\Shaders.vcxproj", "{619CF96D-C8D2-4014-AA80-7397C5B02C6A}"
EndProject
Global
	GlobalSection(SolutionConfigurationPlatforms) = preSolution
		Debug|x64 = Debug|x64
		Debug|x86 = Debug|x86
		Release|x64 = Release|x64
		Release|x86 = Release|x86
	EndGlobalSection
	GlobalSection(ProjectConfigurationPlatforms) = postSolution
		{619CF96D-C8D2-4014-AA80-7397C5B02C6A}.Debug|x64.ActiveCfg = Debug|x64
		{619CF96D-C8D2-4014-AA80-7397C5B02C6A}.Debug|x64.Build.0 = Debug|x64
		{619CF96D-C8D2-4014-AA80-7397C5B02C6A}.Debug|x86.ActiveCfg = Debug|Win32
		{619CF96D-C8D2-4014-AA80-7397C5B02C6A}.Debug|x86.Build.0 = Debug|Win32
		{619CF96D-C8D2-4014-AA80-7397C5B02C6A}.Release|x64.ActiveCfg = Release|x64
		{619CF96D-C8D2-4014-AA80-7397C5B02C6A}.Release|x64.Build.0 = Release|x64
		{619CF96D-C8D2-4014-AA80-7397C5B02C6A}.Release|x86.ActiveCfg = Release|Win32
		{619CF96D-C8D2-4014-AA80-7397C5B02C6A}.Release|x86.Build.0 = Release|Win32
	EndGlobalSection
	GlobalSection(SolutionProperties) = preSolution
		HideSolutionNode = FALSE
	EndGlobalSection
	GlobalSection(ExtensibilityGlobals) = postSolution
		SolutionGuid = {AB68BB4A-9D50-48D3-86F9-60B6538E6487}
	EndGlobalSection
EndGlobal
